PODS:
  - BEMCheckBox (1.4.1)
  - boost (1.76.0)
  - DoubleConversion (1.1.6)
  - FBLazyVector (0.71.7)
  - FBReactNativeSpec (0.71.7):
    - RCT-Folly (= 2021.07.22.00)
    - RCTRequired (= 0.71.7)
    - RCTTypeSafety (= 0.71.7)
    - React-Core (= 0.71.7)
    - React-jsi (= 0.71.7)
    - ReactCommon/turbomodule/core (= 0.71.7)
  - Firebase/CoreOnly (10.7.0):
    - FirebaseCore (= 10.7.0)
  - Firebase/Messaging (10.7.0):
    - Firebase/CoreOnly
    - FirebaseMessaging (~> 10.7.0)
  - FirebaseCore (10.7.0):
    - FirebaseCoreInternal (~> 10.0)
    - GoogleUtilities/Environment (~> 7.8)
    - GoogleUtilities/Logger (~> 7.8)
  - FirebaseCoreExtension (10.7.0):
    - FirebaseCore (~> 10.0)
  - FirebaseCoreInternal (10.18.0):
    - "GoogleUtilities/NSData+zlib (~> 7.8)"
  - FirebaseInstallations (10.18.0):
    - FirebaseCore (~> 10.0)
    - GoogleUtilities/Environment (~> 7.8)
    - GoogleUtilities/UserDefaults (~> 7.8)
    - PromisesObjC (~> 2.1)
  - FirebaseMessaging (10.7.0):
    - FirebaseCore (~> 10.0)
    - FirebaseInstallations (~> 10.0)
    - GoogleDataTransport (~> 9.2)
    - GoogleUtilities/AppDelegateSwizzler (~> 7.8)
    - GoogleUtilities/Environment (~> 7.8)
    - GoogleUtilities/Reachability (~> 7.8)
    - GoogleUtilities/UserDefaults (~> 7.8)
    - nanopb (< 2.30910.0, >= 2.30908.0)
  - fmt (6.2.1)
  - glog (0.3.5)
  - GoogleDataTransport (9.2.5):
    - GoogleUtilities/Environment (~> 7.7)
    - nanopb (< 2.30910.0, >= 2.30908.0)
    - PromisesObjC (< 3.0, >= 1.2)
  - GoogleUtilities (7.12.0):
    - GoogleUtilities/AppDelegateSwizzler (= 7.12.0)
    - GoogleUtilities/Environment (= 7.12.0)
    - GoogleUtilities/ISASwizzler (= 7.12.0)
    - GoogleUtilities/Logger (= 7.12.0)
    - GoogleUtilities/MethodSwizzler (= 7.12.0)
    - GoogleUtilities/Network (= 7.12.0)
    - "GoogleUtilities/NSData+zlib (= 7.12.0)"
    - GoogleUtilities/Reachability (= 7.12.0)
    - GoogleUtilities/SwizzlerTestHelpers (= 7.12.0)
    - GoogleUtilities/UserDefaults (= 7.12.0)
  - GoogleUtilities/AppDelegateSwizzler (7.12.0):
    - GoogleUtilities/Environment
    - GoogleUtilities/Logger
    - GoogleUtilities/Network
  - GoogleUtilities/Environment (7.12.0):
    - PromisesObjC (< 3.0, >= 1.2)
  - GoogleUtilities/ISASwizzler (7.12.0)
  - GoogleUtilities/Logger (7.12.0):
    - GoogleUtilities/Environment
  - GoogleUtilities/MethodSwizzler (7.12.0):
    - GoogleUtilities/Logger
  - GoogleUtilities/Network (7.12.0):
    - GoogleUtilities/Logger
    - "GoogleUtilities/NSData+zlib"
    - GoogleUtilities/Reachability
  - "GoogleUtilities/NSData+zlib (7.12.0)"
  - GoogleUtilities/Reachability (7.12.0):
    - GoogleUtilities/Logger
  - GoogleUtilities/SwizzlerTestHelpers (7.12.0):
    - GoogleUtilities/MethodSwizzler
  - GoogleUtilities/UserDefaults (7.12.0):
    - GoogleUtilities/Logger
  - hermes-engine (0.71.7):
    - hermes-engine/Pre-built (= 0.71.7)
  - hermes-engine/Pre-built (0.71.7)
  - libevent (2.1.12)
  - nanopb (2.30909.1):
    - nanopb/decode (= 2.30909.1)
    - nanopb/encode (= 2.30909.1)
  - nanopb/decode (2.30909.1)
  - nanopb/encode (2.30909.1)
  - PromisesObjC (2.3.1)
  - RCT-Folly (2021.07.22.00):
    - boost
    - DoubleConversion
    - fmt (~> 6.2.1)
    - glog
    - RCT-Folly/Default (= 2021.07.22.00)
  - RCT-Folly/Default (2021.07.22.00):
    - boost
    - DoubleConversion
    - fmt (~> 6.2.1)
    - glog
  - RCT-Folly/Futures (2021.07.22.00):
    - boost
    - DoubleConversion
    - fmt (~> 6.2.1)
    - glog
    - libevent
  - RCTRequired (0.71.7)
  - RCTTypeSafety (0.71.7):
    - FBLazyVector (= 0.71.7)
    - RCTRequired (= 0.71.7)
    - React-Core (= 0.71.7)
  - React (0.71.7):
    - React-Core (= 0.71.7)
    - React-Core/DevSupport (= 0.71.7)
    - React-Core/RCTWebSocket (= 0.71.7)
    - React-RCTActionSheet (= 0.71.7)
    - React-RCTAnimation (= 0.71.7)
    - React-RCTBlob (= 0.71.7)
    - React-RCTImage (= 0.71.7)
    - React-RCTLinking (= 0.71.7)
    - React-RCTNetwork (= 0.71.7)
    - React-RCTSettings (= 0.71.7)
    - React-RCTText (= 0.71.7)
    - React-RCTVibration (= 0.71.7)
  - React-callinvoker (0.71.7)
  - React-Codegen (0.71.7):
    - FBReactNativeSpec
    - hermes-engine
    - RCT-Folly
    - RCTRequired
    - RCTTypeSafety
    - React-Core
    - React-jsi
    - React-jsiexecutor
    - ReactCommon/turbomodule/bridging
    - ReactCommon/turbomodule/core
  - React-Core (0.71.7):
    - glog
    - hermes-engine
    - RCT-Folly (= 2021.07.22.00)
    - React-Core/Default (= 0.71.7)
    - React-cxxreact (= 0.71.7)
    - React-hermes
    - React-jsi (= 0.71.7)
    - React-jsiexecutor (= 0.71.7)
    - React-perflogger (= 0.71.7)
    - Yoga
  - React-Core/CoreModulesHeaders (0.71.7):
    - glog
    - hermes-engine
    - RCT-Folly (= 2021.07.22.00)
    - React-Core/Default
    - React-cxxreact (= 0.71.7)
    - React-hermes
    - React-jsi (= 0.71.7)
    - React-jsiexecutor (= 0.71.7)
    - React-perflogger (= 0.71.7)
    - Yoga
  - React-Core/Default (0.71.7):
    - glog
    - hermes-engine
    - RCT-Folly (= 2021.07.22.00)
    - React-cxxreact (= 0.71.7)
    - React-hermes
    - React-jsi (= 0.71.7)
    - React-jsiexecutor (= 0.71.7)
    - React-perflogger (= 0.71.7)
    - Yoga
  - React-Core/DevSupport (0.71.7):
    - glog
    - hermes-engine
    - RCT-Folly (= 2021.07.22.00)
    - React-Core/Default (= 0.71.7)
    - React-Core/RCTWebSocket (= 0.71.7)
    - React-cxxreact (= 0.71.7)
    - React-hermes
    - React-jsi (= 0.71.7)
    - React-jsiexecutor (= 0.71.7)
    - React-jsinspector (= 0.71.7)
    - React-perflogger (= 0.71.7)
    - Yoga
  - React-Core/RCTActionSheetHeaders (0.71.7):
    - glog
    - hermes-engine
    - RCT-Folly (= 2021.07.22.00)
    - React-Core/Default
    - React-cxxreact (= 0.71.7)
    - React-hermes
    - React-jsi (= 0.71.7)
    - React-jsiexecutor (= 0.71.7)
    - React-perflogger (= 0.71.7)
    - Yoga
  - React-Core/RCTAnimationHeaders (0.71.7):
    - glog
    - hermes-engine
    - RCT-Folly (= 2021.07.22.00)
    - React-Core/Default
    - React-cxxreact (= 0.71.7)
    - React-hermes
    - React-jsi (= 0.71.7)
    - React-jsiexecutor (= 0.71.7)
    - React-perflogger (= 0.71.7)
    - Yoga
  - React-Core/RCTBlobHeaders (0.71.7):
    - glog
    - hermes-engine
    - RCT-Folly (= 2021.07.22.00)
    - React-Core/Default
    - React-cxxreact (= 0.71.7)
    - React-hermes
    - React-jsi (= 0.71.7)
    - React-jsiexecutor (= 0.71.7)
    - React-perflogger (= 0.71.7)
    - Yoga
  - React-Core/RCTImageHeaders (0.71.7):
    - glog
    - hermes-engine
    - RCT-Folly (= 2021.07.22.00)
    - React-Core/Default
    - React-cxxreact (= 0.71.7)
    - React-hermes
    - React-jsi (= 0.71.7)
    - React-jsiexecutor (= 0.71.7)
    - React-perflogger (= 0.71.7)
    - Yoga
  - React-Core/RCTLinkingHeaders (0.71.7):
    - glog
    - hermes-engine
    - RCT-Folly (= 2021.07.22.00)
    - React-Core/Default
    - React-cxxreact (= 0.71.7)
    - React-hermes
    - React-jsi (= 0.71.7)
    - React-jsiexecutor (= 0.71.7)
    - React-perflogger (= 0.71.7)
    - Yoga
  - React-Core/RCTNetworkHeaders (0.71.7):
    - glog
    - hermes-engine
    - RCT-Folly (= 2021.07.22.00)
    - React-Core/Default
    - React-cxxreact (= 0.71.7)
    - React-hermes
    - React-jsi (= 0.71.7)
    - React-jsiexecutor (= 0.71.7)
    - React-perflogger (= 0.71.7)
    - Yoga
  - React-Core/RCTSettingsHeaders (0.71.7):
    - glog
    - hermes-engine
    - RCT-Folly (= 2021.07.22.00)
    - React-Core/Default
    - React-cxxreact (= 0.71.7)
    - React-hermes
    - React-jsi (= 0.71.7)
    - React-jsiexecutor (= 0.71.7)
    - React-perflogger (= 0.71.7)
    - Yoga
  - React-Core/RCTTextHeaders (0.71.7):
    - glog
    - hermes-engine
    - RCT-Folly (= 2021.07.22.00)
    - React-Core/Default
    - React-cxxreact (= 0.71.7)
    - React-hermes
    - React-jsi (= 0.71.7)
    - React-jsiexecutor (= 0.71.7)
    - React-perflogger (= 0.71.7)
    - Yoga
  - React-Core/RCTVibrationHeaders (0.71.7):
    - glog
    - hermes-engine
    - RCT-Folly (= 2021.07.22.00)
    - React-Core/Default
    - React-cxxreact (= 0.71.7)
    - React-hermes
    - React-jsi (= 0.71.7)
    - React-jsiexecutor (= 0.71.7)
    - React-perflogger (= 0.71.7)
    - Yoga
  - React-Core/RCTWebSocket (0.71.7):
    - glog
    - hermes-engine
    - RCT-Folly (= 2021.07.22.00)
    - React-Core/Default (= 0.71.7)
    - React-cxxreact (= 0.71.7)
    - React-hermes
    - React-jsi (= 0.71.7)
    - React-jsiexecutor (= 0.71.7)
    - React-perflogger (= 0.71.7)
    - Yoga
  - React-CoreModules (0.71.7):
    - RCT-Folly (= 2021.07.22.00)
    - RCTTypeSafety (= 0.71.7)
    - React-Codegen (= 0.71.7)
    - React-Core/CoreModulesHeaders (= 0.71.7)
    - React-jsi (= 0.71.7)
    - React-RCTBlob
    - React-RCTImage (= 0.71.7)
    - ReactCommon/turbomodule/core (= 0.71.7)
  - React-cxxreact (0.71.7):
    - boost (= 1.76.0)
    - DoubleConversion
    - glog
    - hermes-engine
    - RCT-Folly (= 2021.07.22.00)
    - React-callinvoker (= 0.71.7)
    - React-jsi (= 0.71.7)
    - React-jsinspector (= 0.71.7)
    - React-logger (= 0.71.7)
    - React-perflogger (= 0.71.7)
    - React-runtimeexecutor (= 0.71.7)
  - React-hermes (0.71.7):
    - DoubleConversion
    - glog
    - hermes-engine
    - RCT-Folly (= 2021.07.22.00)
    - RCT-Folly/Futures (= 2021.07.22.00)
    - React-cxxreact (= 0.71.7)
    - React-jsi
    - React-jsiexecutor (= 0.71.7)
    - React-jsinspector (= 0.71.7)
    - React-perflogger (= 0.71.7)
  - React-jsi (0.71.7):
    - boost (= 1.76.0)
    - DoubleConversion
    - glog
    - hermes-engine
    - RCT-Folly (= 2021.07.22.00)
  - React-jsiexecutor (0.71.7):
    - DoubleConversion
    - glog
    - hermes-engine
    - RCT-Folly (= 2021.07.22.00)
    - React-cxxreact (= 0.71.7)
    - React-jsi (= 0.71.7)
    - React-perflogger (= 0.71.7)
  - React-jsinspector (0.71.7)
  - React-logger (0.71.7):
    - glog
  - react-native-blob-util (0.19.6):
    - React-Core
  - react-native-compressor (1.8.23):
    - RCT-Folly (= 2021.07.22.00)
    - React-Core
  - react-native-create-thumbnail (1.6.4):
    - React-Core
  - react-native-document-picker (9.1.0):
    - React-Core
  - react-native-encrypted-storage (4.0.3):
    - React-Core
  - react-native-image-picker (5.7.0):
    - React-Core
  - react-native-numberless-crypto (0.1.25):
    - RCT-Folly (= 2021.07.22.00)
    - React-Core
  - react-native-pdf (6.7.3):
    - React-Core
  - react-native-receive-sharing-intent (2.0.0):
    - React-Core
  - react-native-safe-area-context (4.8.2):
    - React-Core
  - react-native-sqlite-storage (6.0.1):
    - React-Core
  - React-perflogger (0.71.7)
  - React-RCTActionSheet (0.71.7):
    - React-Core/RCTActionSheetHeaders (= 0.71.7)
  - React-RCTAnimation (0.71.7):
    - RCT-Folly (= 2021.07.22.00)
    - RCTTypeSafety (= 0.71.7)
    - React-Codegen (= 0.71.7)
    - React-Core/RCTAnimationHeaders (= 0.71.7)
    - React-jsi (= 0.71.7)
    - ReactCommon/turbomodule/core (= 0.71.7)
  - React-RCTAppDelegate (0.71.7):
    - RCT-Folly
    - RCTRequired
    - RCTTypeSafety
    - React-Core
    - ReactCommon/turbomodule/core
  - React-RCTBlob (0.71.7):
    - hermes-engine
    - RCT-Folly (= 2021.07.22.00)
    - React-Codegen (= 0.71.7)
    - React-Core/RCTBlobHeaders (= 0.71.7)
    - React-Core/RCTWebSocket (= 0.71.7)
    - React-jsi (= 0.71.7)
    - React-RCTNetwork (= 0.71.7)
    - ReactCommon/turbomodule/core (= 0.71.7)
  - React-RCTImage (0.71.7):
    - RCT-Folly (= 2021.07.22.00)
    - RCTTypeSafety (= 0.71.7)
    - React-Codegen (= 0.71.7)
    - React-Core/RCTImageHeaders (= 0.71.7)
    - React-jsi (= 0.71.7)
    - React-RCTNetwork (= 0.71.7)
    - ReactCommon/turbomodule/core (= 0.71.7)
  - React-RCTLinking (0.71.7):
    - React-Codegen (= 0.71.7)
    - React-Core/RCTLinkingHeaders (= 0.71.7)
    - React-jsi (= 0.71.7)
    - ReactCommon/turbomodule/core (= 0.71.7)
  - React-RCTNetwork (0.71.7):
    - RCT-Folly (= 2021.07.22.00)
    - RCTTypeSafety (= 0.71.7)
    - React-Codegen (= 0.71.7)
    - React-Core/RCTNetworkHeaders (= 0.71.7)
    - React-jsi (= 0.71.7)
    - ReactCommon/turbomodule/core (= 0.71.7)
  - React-RCTSettings (0.71.7):
    - RCT-Folly (= 2021.07.22.00)
    - RCTTypeSafety (= 0.71.7)
    - React-Codegen (= 0.71.7)
    - React-Core/RCTSettingsHeaders (= 0.71.7)
    - React-jsi (= 0.71.7)
    - ReactCommon/turbomodule/core (= 0.71.7)
  - React-RCTText (0.71.7):
    - React-Core/RCTTextHeaders (= 0.71.7)
  - React-RCTVibration (0.71.7):
    - RCT-Folly (= 2021.07.22.00)
    - React-Codegen (= 0.71.7)
    - React-Core/RCTVibrationHeaders (= 0.71.7)
    - React-jsi (= 0.71.7)
    - ReactCommon/turbomodule/core (= 0.71.7)
  - React-runtimeexecutor (0.71.7):
    - React-jsi (= 0.71.7)
  - ReactCommon/turbomodule/bridging (0.71.7):
    - DoubleConversion
    - glog
    - hermes-engine
    - RCT-Folly (= 2021.07.22.00)
    - React-callinvoker (= 0.71.7)
    - React-Core (= 0.71.7)
    - React-cxxreact (= 0.71.7)
    - React-jsi (= 0.71.7)
    - React-logger (= 0.71.7)
    - React-perflogger (= 0.71.7)
  - ReactCommon/turbomodule/core (0.71.7):
    - DoubleConversion
    - glog
    - hermes-engine
    - RCT-Folly (= 2021.07.22.00)
    - React-callinvoker (= 0.71.7)
    - React-Core (= 0.71.7)
    - React-cxxreact (= 0.71.7)
    - React-jsi (= 0.71.7)
    - React-logger (= 0.71.7)
    - React-perflogger (= 0.71.7)
  - ReactNativeCameraKit (13.0.0):
    - React-Core
  - RNBootSplash (5.2.0):
    - React-Core
  - RNCCheckbox (0.5.16):
    - BEMCheckBox (~> 1.4)
    - React-Core
  - RNCClipboard (1.13.1):
    - React-Core
  - RNDeviceInfo (10.12.0):
    - React-Core
  - RNFBApp (17.5.0):
    - Firebase/CoreOnly (= 10.7.0)
    - React-Core
  - RNFBMessaging (17.5.0):
    - Firebase/Messaging (= 10.7.0)
    - FirebaseCoreExtension (= 10.7.0)
    - React-Core
    - RNFBApp
  - RNFileViewer (2.1.5):
    - React-Core
  - RNFS (2.20.0):
    - React-Core
  - RNNotifee (7.8.2):
    - React-Core
    - RNNotifee/NotifeeCore (= 7.8.2)
  - RNNotifee/NotifeeCore (7.8.2):
    - React-Core
  - RNPermissions (3.10.1):
    - React-Core
  - RNScreens (3.29.0):
    - RCT-Folly (= 2021.07.22.00)
    - React-Core
  - RNShare (9.4.1):
    - React-Core
  - RNSVG (13.14.0):
    - React-Core
  - Yoga (1.14.0)

DEPENDENCIES:
  - boost (from `../node_modules/react-native/third-party-podspecs/boost.podspec`)
  - DoubleConversion (from `../node_modules/react-native/third-party-podspecs/DoubleConversion.podspec`)
  - FBLazyVector (from `../node_modules/react-native/Libraries/FBLazyVector`)
  - FBReactNativeSpec (from `../node_modules/react-native/React/FBReactNativeSpec`)
  - FirebaseCore
  - glog (from `../node_modules/react-native/third-party-podspecs/glog.podspec`)
  - GoogleUtilities
  - hermes-engine (from `../node_modules/react-native/sdks/hermes-engine/hermes-engine.podspec`)
  - libevent (~> 2.1.12)
  - RCT-Folly (from `../node_modules/react-native/third-party-podspecs/RCT-Folly.podspec`)
  - RCTRequired (from `../node_modules/react-native/Libraries/RCTRequired`)
  - RCTTypeSafety (from `../node_modules/react-native/Libraries/TypeSafety`)
  - React (from `../node_modules/react-native/`)
  - React-callinvoker (from `../node_modules/react-native/ReactCommon/callinvoker`)
  - React-Codegen (from `build/generated/ios`)
  - React-Core (from `../node_modules/react-native/`)
  - React-Core/RCTWebSocket (from `../node_modules/react-native/`)
  - React-CoreModules (from `../node_modules/react-native/React/CoreModules`)
  - React-cxxreact (from `../node_modules/react-native/ReactCommon/cxxreact`)
  - React-hermes (from `../node_modules/react-native/ReactCommon/hermes`)
  - React-jsi (from `../node_modules/react-native/ReactCommon/jsi`)
  - React-jsiexecutor (from `../node_modules/react-native/ReactCommon/jsiexecutor`)
  - React-jsinspector (from `../node_modules/react-native/ReactCommon/jsinspector`)
  - React-logger (from `../node_modules/react-native/ReactCommon/logger`)
  - react-native-blob-util (from `../node_modules/react-native-blob-util`)
  - react-native-compressor (from `../node_modules/react-native-compressor`)
  - react-native-create-thumbnail (from `../node_modules/react-native-create-thumbnail`)
  - react-native-document-picker (from `../node_modules/react-native-document-picker`)
  - react-native-encrypted-storage (from `../node_modules/react-native-encrypted-storage`)
  - react-native-image-picker (from `../node_modules/react-native-image-picker`)
  - "react-native-numberless-crypto (from `../node_modules/@numberless/react-native-numberless-crypto`)"
  - react-native-pdf (from `../node_modules/react-native-pdf`)
  - react-native-receive-sharing-intent (from `../node_modules/react-native-receive-sharing-intent`)
  - react-native-safe-area-context (from `../node_modules/react-native-safe-area-context`)
  - react-native-sqlite-storage (from `../node_modules/react-native-sqlite-storage`)
  - React-perflogger (from `../node_modules/react-native/ReactCommon/reactperflogger`)
  - React-RCTActionSheet (from `../node_modules/react-native/Libraries/ActionSheetIOS`)
  - React-RCTAnimation (from `../node_modules/react-native/Libraries/NativeAnimation`)
  - React-RCTAppDelegate (from `../node_modules/react-native/Libraries/AppDelegate`)
  - React-RCTBlob (from `../node_modules/react-native/Libraries/Blob`)
  - React-RCTImage (from `../node_modules/react-native/Libraries/Image`)
  - React-RCTLinking (from `../node_modules/react-native/Libraries/LinkingIOS`)
  - React-RCTNetwork (from `../node_modules/react-native/Libraries/Network`)
  - React-RCTSettings (from `../node_modules/react-native/Libraries/Settings`)
  - React-RCTText (from `../node_modules/react-native/Libraries/Text`)
  - React-RCTVibration (from `../node_modules/react-native/Libraries/Vibration`)
  - React-runtimeexecutor (from `../node_modules/react-native/ReactCommon/runtimeexecutor`)
  - ReactCommon/turbomodule/core (from `../node_modules/react-native/ReactCommon`)
  - ReactNativeCameraKit (from `../node_modules/react-native-camera-kit`)
  - RNBootSplash (from `../node_modules/react-native-bootsplash`)
  - "RNCCheckbox (from `../node_modules/@react-native-community/checkbox`)"
  - "RNCClipboard (from `../node_modules/@react-native-clipboard/clipboard`)"
  - RNDeviceInfo (from `../node_modules/react-native-device-info`)
  - "RNFBApp (from `../node_modules/@react-native-firebase/app`)"
  - "RNFBMessaging (from `../node_modules/@react-native-firebase/messaging`)"
  - RNFileViewer (from `../node_modules/react-native-file-viewer`)
  - RNFS (from `../node_modules/react-native-fs`)
  - "RNNotifee (from `../node_modules/@notifee/react-native`)"
  - RNPermissions (from `../node_modules/react-native-permissions`)
  - RNScreens (from `../node_modules/react-native-screens`)
  - RNShare (from `../node_modules/react-native-share`)
  - RNSVG (from `../node_modules/react-native-svg`)
  - Yoga (from `../node_modules/react-native/ReactCommon/yoga`)

SPEC REPOS:
  trunk:
    - BEMCheckBox
    - Firebase
    - FirebaseCore
    - FirebaseCoreExtension
    - FirebaseCoreInternal
    - FirebaseInstallations
    - FirebaseMessaging
    - fmt
    - GoogleDataTransport
    - GoogleUtilities
    - libevent
    - nanopb
    - PromisesObjC

EXTERNAL SOURCES:
  boost:
    :podspec: "../node_modules/react-native/third-party-podspecs/boost.podspec"
  DoubleConversion:
    :podspec: "../node_modules/react-native/third-party-podspecs/DoubleConversion.podspec"
  FBLazyVector:
    :path: "../node_modules/react-native/Libraries/FBLazyVector"
  FBReactNativeSpec:
    :path: "../node_modules/react-native/React/FBReactNativeSpec"
  glog:
    :podspec: "../node_modules/react-native/third-party-podspecs/glog.podspec"
  hermes-engine:
    :podspec: "../node_modules/react-native/sdks/hermes-engine/hermes-engine.podspec"
  RCT-Folly:
    :podspec: "../node_modules/react-native/third-party-podspecs/RCT-Folly.podspec"
  RCTRequired:
    :path: "../node_modules/react-native/Libraries/RCTRequired"
  RCTTypeSafety:
    :path: "../node_modules/react-native/Libraries/TypeSafety"
  React:
    :path: "../node_modules/react-native/"
  React-callinvoker:
    :path: "../node_modules/react-native/ReactCommon/callinvoker"
  React-Codegen:
    :path: build/generated/ios
  React-Core:
    :path: "../node_modules/react-native/"
  React-CoreModules:
    :path: "../node_modules/react-native/React/CoreModules"
  React-cxxreact:
    :path: "../node_modules/react-native/ReactCommon/cxxreact"
  React-hermes:
    :path: "../node_modules/react-native/ReactCommon/hermes"
  React-jsi:
    :path: "../node_modules/react-native/ReactCommon/jsi"
  React-jsiexecutor:
    :path: "../node_modules/react-native/ReactCommon/jsiexecutor"
  React-jsinspector:
    :path: "../node_modules/react-native/ReactCommon/jsinspector"
  React-logger:
    :path: "../node_modules/react-native/ReactCommon/logger"
  react-native-blob-util:
    :path: "../node_modules/react-native-blob-util"
  react-native-compressor:
    :path: "../node_modules/react-native-compressor"
  react-native-create-thumbnail:
    :path: "../node_modules/react-native-create-thumbnail"
  react-native-document-picker:
    :path: "../node_modules/react-native-document-picker"
  react-native-encrypted-storage:
    :path: "../node_modules/react-native-encrypted-storage"
  react-native-image-picker:
    :path: "../node_modules/react-native-image-picker"
  react-native-numberless-crypto:
    :path: "../node_modules/@numberless/react-native-numberless-crypto"
  react-native-pdf:
    :path: "../node_modules/react-native-pdf"
  react-native-receive-sharing-intent:
    :path: "../node_modules/react-native-receive-sharing-intent"
  react-native-safe-area-context:
    :path: "../node_modules/react-native-safe-area-context"
  react-native-sqlite-storage:
    :path: "../node_modules/react-native-sqlite-storage"
  React-perflogger:
    :path: "../node_modules/react-native/ReactCommon/reactperflogger"
  React-RCTActionSheet:
    :path: "../node_modules/react-native/Libraries/ActionSheetIOS"
  React-RCTAnimation:
    :path: "../node_modules/react-native/Libraries/NativeAnimation"
  React-RCTAppDelegate:
    :path: "../node_modules/react-native/Libraries/AppDelegate"
  React-RCTBlob:
    :path: "../node_modules/react-native/Libraries/Blob"
  React-RCTImage:
    :path: "../node_modules/react-native/Libraries/Image"
  React-RCTLinking:
    :path: "../node_modules/react-native/Libraries/LinkingIOS"
  React-RCTNetwork:
    :path: "../node_modules/react-native/Libraries/Network"
  React-RCTSettings:
    :path: "../node_modules/react-native/Libraries/Settings"
  React-RCTText:
    :path: "../node_modules/react-native/Libraries/Text"
  React-RCTVibration:
    :path: "../node_modules/react-native/Libraries/Vibration"
  React-runtimeexecutor:
    :path: "../node_modules/react-native/ReactCommon/runtimeexecutor"
  ReactCommon:
    :path: "../node_modules/react-native/ReactCommon"
  ReactNativeCameraKit:
    :path: "../node_modules/react-native-camera-kit"
  RNBootSplash:
    :path: "../node_modules/react-native-bootsplash"
  RNCCheckbox:
    :path: "../node_modules/@react-native-community/checkbox"
  RNCClipboard:
    :path: "../node_modules/@react-native-clipboard/clipboard"
  RNDeviceInfo:
    :path: "../node_modules/react-native-device-info"
  RNFBApp:
    :path: "../node_modules/@react-native-firebase/app"
  RNFBMessaging:
    :path: "../node_modules/@react-native-firebase/messaging"
  RNFileViewer:
    :path: "../node_modules/react-native-file-viewer"
  RNFS:
    :path: "../node_modules/react-native-fs"
  RNNotifee:
    :path: "../node_modules/@notifee/react-native"
  RNPermissions:
    :path: "../node_modules/react-native-permissions"
  RNScreens:
    :path: "../node_modules/react-native-screens"
  RNShare:
    :path: "../node_modules/react-native-share"
  RNSVG:
    :path: "../node_modules/react-native-svg"
  Yoga:
    :path: "../node_modules/react-native/ReactCommon/yoga"

SPEC CHECKSUMS:
  BEMCheckBox: 5ba6e37ade3d3657b36caecc35c8b75c6c2b1a4e
  boost: 57d2868c099736d80fcd648bf211b4431e51a558
  DoubleConversion: 5189b271737e1565bdce30deb4a08d647e3f5f54
  FBLazyVector: a89a0525bc7ca174675045c2b492b5280d5a2470
  FBReactNativeSpec: 7714e6bc1e9ea23df6c4cb42f0b2fd9c6a3a559c
  Firebase: 0219acf760880eeec8ce479895bd7767466d9f81
  FirebaseCore: e317665b9d744727a97e623edbbed009320afdd7
  FirebaseCoreExtension: f17247ba8c61e4d3c8d136b5e2de3cb4ac6a85b6
  FirebaseCoreInternal: 8eb002e564b533bdcf1ba011f33f2b5c10e2ed4a
  FirebaseInstallations: e842042ec6ac1fd2e37d7706363ebe7f662afea4
  FirebaseMessaging: ac9062bcc35ed56e15a0241d8fd317022499baf8
  fmt: ff9d55029c625d3757ed641535fd4a75fedc7ce9
  glog: 04b94705f318337d7ead9e6d17c019bd9b1f6b1b
  GoogleDataTransport: 54dee9d48d14580407f8f5fbf2f496e92437a2f2
  GoogleUtilities: 0759d1a57ebb953965c2dfe0ba4c82e95ccc2e34
  hermes-engine: 4438d2b8bf8bebaba1b1ac0451160bab59e491f8
  libevent: 4049cae6c81cdb3654a443be001fb9bdceff7913
  nanopb: d4d75c12cd1316f4a64e3c6963f879ecd4b5e0d5
  PromisesObjC: c50d2056b5253dadbd6c2bea79b0674bd5a52fa4
  RCT-Folly: 424b8c9a7a0b9ab2886ffe9c3b041ef628fd4fb1
  RCTRequired: 5a4a30ac20c86eeadd6844a9328f78d4168cf9b2
  RCTTypeSafety: 279fc5861a89f0f37db3a585f27f971485b4b734
  React: 88307a9be3bd0e71a6822271cf28b84a587fb97f
  React-callinvoker: 35fb980c454104ebe82f0afb9826830089248e08
  React-Codegen: a8dbde3b7476d5c19437d2adb9e8ea1b426b9595
  React-Core: 385cb6fa78762c6409ff39faeb0dd9ad664b6e84
  React-CoreModules: c2b7db313b04d9b71954ffd55d0c2e46bc40e9fb
  React-cxxreact: 845fefb889132e5d004ff818f7a599e32c52e7d6
  React-hermes: 86135f35e1dd2dfccfb97afe96d0c06f6a3970c4
  React-jsi: 39c116aa6c3d6f3d9874eff6998a670b47882a28
  React-jsiexecutor: eaa5f71eb8f6861cf0e57f1a0f52aeb020d9e18e
  React-jsinspector: 9885f6f94d231b95a739ef7bb50536fb87ce7539
  React-logger: 3f8ebad1be1bf3299d1ab6d7f971802d7395c7ef
  react-native-blob-util: d8fa1a7f726867907a8e43163fdd8b441d4489ea
  react-native-compressor: d30f0cf83afec95099fb109919a58d484e00051a
  react-native-create-thumbnail: e022bcdcba8a0b4529a50d3fa1a832ec921be39d
  react-native-document-picker: b4f4a23b73f864ce17965b284c0757648993805b
  react-native-encrypted-storage: db300a3f2f0aba1e818417c1c0a6be549038deb7
  react-native-image-picker: 3269f75c251cdcd61ab51b911dd30d6fff8c6169
  react-native-numberless-crypto: 53df0971b95975ff6f951979a5d04cb030c1f649
  react-native-pdf: b4ca3d37a9a86d9165287741c8b2ef4d8940c00e
  react-native-receive-sharing-intent: 62ab28c50e6ae56d32b9e841d7452091312a0bc7
  react-native-safe-area-context: 0ee144a6170530ccc37a0fd9388e28d06f516a89
  react-native-sqlite-storage: f6d515e1c446d1e6d026aa5352908a25d4de3261
  React-perflogger: 2d505bbe298e3b7bacdd9e542b15535be07220f6
  React-RCTActionSheet: 0e96e4560bd733c9b37efbf68f5b1a47615892fb
  React-RCTAnimation: fd138e26f120371c87e406745a27535e2c8a04ef
  React-RCTAppDelegate: 4a9fd1230a98dc3d4382f8a934dc9f50834d8335
  React-RCTBlob: 38a7185f06a0ce8153a023e63b406a28d67b955d
  React-RCTImage: 92b0966e7c1cadda889e961c474397ad5180e194
  React-RCTLinking: b80f8d0c6e94c54294b0048def51f57eaa9a27af
  React-RCTNetwork: 491b0c65ac22edbd6695d12d084b4943103b009b
  React-RCTSettings: 97af3e8abe0023349ec015910df3bda1a0380117
  React-RCTText: 33c85753bd714d527d2ae538dc56ec24c6783d84
  React-RCTVibration: 08f132cad9896458776f37c112e71d60aef1c6ae
  React-runtimeexecutor: c5c89f8f543842dd864b63ded1b0bbb9c9445328
  ReactCommon: dbfbe2f7f3c5ce4ce44f43f2fd0d5950d1eb67c5
  ReactNativeCameraKit: 9d46a5d7dd544ca64aa9c03c150d2348faf437eb
  RNBootSplash: a4e3ae9e08ba15465f59e033592919b7091f79cb
  RNCCheckbox: 75255b03e604bbcc26411eb31c4cbe3e3865f538
  RNCClipboard: 90e241893de33a2f5962fc34d76ada4576033e49
  RNDeviceInfo: db5c64a060e66e5db3102d041ebe3ef307a85120
  RNFBApp: 0d8bf86673bbad0524d1ceac3944d71ccf48a0e4
  RNFBMessaging: 4b8cb1215465bacca36d0fcfc2f51e7e2aa1bc91
  RNFileViewer: ce7ca3ac370e18554d35d6355cffd7c30437c592
  RNFS: 4ac0f0ea233904cb798630b3c077808c06931688
  RNNotifee: 8e2d3df3f0e9ce8f5d1fe4c967431138190b6175
  RNPermissions: 3db62f78d33b53149e7e2e069411619097b02a5d
  RNScreens: 3c5b9f4a9dcde752466854b6109b79c0e205dad3
  RNShare: 32e97adc8d8c97d4a26bcdd3c45516882184f8b6
  RNSVG: d00c8f91c3cbf6d476451313a18f04d220d4f396
  Yoga: d56980c8914db0b51692f55533409e844b66133c

PODFILE CHECKSUM: bb1ba0dcb4046fe5664493439fea40a24cf17ca1

COCOAPODS: 1.14.3
